
Microsoft Visual Studio Solution File, Format Version 12.00
# Visual Studio Version 17
VisualStudioVersion = 17.13.35828.75
MinimumVisualStudioVersion = 10.0.40219.1
Project("{2150E333-8FDC-42A3-9474-1A3956D46DE8}") = "Solution Items", "Solution Items", "{8EC462FD-D22E-90A8-E5CE-7E832BA40C5D}"
	ProjectSection(SolutionItems) = preProject
		.gitignore = .gitignore
	EndProjectSection
EndProject
Project("{FAE04EC0-301F-11D3-BF4B-00C04F79EFBC}") = "QuizApp.Application", "QuizApp.Application\QuizApp.Application.csproj", "{786CF624-607A-449D-971C-6D4AD7A3498F}"
EndProject
Project("{FAE04EC0-301F-11D3-BF4B-00C04F79EFBC}") = "QuizApp.Domain", "QuizApp.Domain\QuizApp.Domain.csproj", "{548AEE22-0614-42C6-A8D8-69C7A9CC8B1E}"
EndProject
Project("{FAE04EC0-301F-11D3-BF4B-00C04F79EFBC}") = "QuizApp.Infrastructure", "QuizApp.Infrastructure\QuizApp.Infrastructure.csproj", "{4DDD3685-76C0-4B33-B8D2-6CC4A2D5EE65}"
EndProject
Project("{FAE04EC0-301F-11D3-BF4B-00C04F79EFBC}") = "QuizApp.Tests", "QuizApp.Tests\QuizApp.Tests.csproj", "{CEEBD677-F10C-4C06-96BD-0FC045A793B7}"
EndProject
Project("{FAE04EC0-301F-11D3-BF4B-00C04F79EFBC}") = "QuizApp.Web", "QuizApp.Web\QuizApp.Web.csproj", "{8521D75B-805E-A028-6255-73B7780DFC86}"
EndProject
Global
	GlobalSection(SolutionConfigurationPlatforms) = preSolution
		Debug|Any CPU = Debug|Any CPU
		Release|Any CPU = Release|Any CPU
	EndGlobalSection
	GlobalSection(ProjectConfigurationPlatforms) = postSolution
		{786CF624-607A-449D-971C-6D4AD7A3498F}.Debug|Any CPU.ActiveCfg = Debug|Any CPU
		{786CF624-607A-449D-971C-6D4AD7A3498F}.Debug|Any CPU.Build.0 = Debug|Any CPU
		{786CF624-607A-449D-971C-6D4AD7A3498F}.Release|Any CPU.ActiveCfg = Release|Any CPU
		{786CF624-607A-449D-971C-6D4AD7A3498F}.Release|Any CPU.Build.0 = Release|Any CPU
		{548AEE22-0614-42C6-A8D8-69C7A9CC8B1E}.Debug|Any CPU.ActiveCfg = Debug|Any CPU
		{548AEE22-0614-42C6-A8D8-69C7A9CC8B1E}.Debug|Any CPU.Build.0 = Debug|Any CPU
		{548AEE22-0614-42C6-A8D8-69C7A9CC8B1E}.Release|Any CPU.ActiveCfg = Release|Any CPU
		{548AEE22-0614-42C6-A8D8-69C7A9CC8B1E}.Release|Any CPU.Build.0 = Release|Any CPU
		{4DDD3685-76C0-4B33-B8D2-6CC4A2D5EE65}.Debug|Any CPU.ActiveCfg = Debug|Any CPU
		{4DDD3685-76C0-4B33-B8D2-6CC4A2D5EE65}.Debug|Any CPU.Build.0 = Debug|Any CPU
		{4DDD3685-76C0-4B33-B8D2-6CC4A2D5EE65}.Release|Any CPU.ActiveCfg = Release|Any CPU
		{4DDD3685-76C0-4B33-B8D2-6CC4A2D5EE65}.Release|Any CPU.Build.0 = Release|Any CPU
		{CEEBD677-F10C-4C06-96BD-0FC045A793B7}.Debug|Any CPU.ActiveCfg = Debug|Any CPU
		{CEEBD677-F10C-4C06-96BD-0FC045A793B7}.Debug|Any CPU.Build.0 = Debug|Any CPU
		{CEEBD677-F10C-4C06-96BD-0FC045A793B7}.Release|Any CPU.ActiveCfg = Release|Any CPU
		{CEEBD677-F10C-4C06-96BD-0FC045A793B7}.Release|Any CPU.Build.0 = Release|Any CPU
		{8521D75B-805E-A028-6255-73B7780DFC86}.Debug|Any CPU.ActiveCfg = Debug|Any CPU
		{8521D75B-805E-A028-6255-73B7780DFC86}.Debug|Any CPU.Build.0 = Debug|Any CPU
		{8521D75B-805E-A028-6255-73B7780DFC86}.Release|Any CPU.ActiveCfg = Release|Any CPU
		{8521D75B-805E-A028-6255-73B7780DFC86}.Release|Any CPU.Build.0 = Release|Any CPU
	EndGlobalSection
	GlobalSection(SolutionProperties) = preSolution
		HideSolutionNode = FALSE
	EndGlobalSection
	GlobalSection(ExtensibilityGlobals) = postSolution
		SolutionGuid = {19240AD1-A6F7-4AD8-9784-CD70759E3C53}
	EndGlobalSection
EndGlobal
