
Microsoft Visual Studio Solution File, Format Version 12.00
# Visual Studio Version 17
VisualStudioVersion = 17.13.35828.75 d17.13
MinimumVisualStudioVersion = 10.0.40219.1
Project("{FAE04EC0-301F-11D3-BF4B-00C04F79EFBC}") = "MoviesApp.Web", "MoviesApp\MoviesApp.Web.csproj", "{F4115920-B5A4-4855-B532-BE5912E9919C}"
EndProject
Project("{FAE04EC0-301F-11D3-BF4B-00C04F79EFBC}") = "MoviesApp.Domain", "MoviesApp.Domain\MoviesApp.Domain.csproj", "{8AD9791C-31D9-4469-8365-9B2D2100DB05}"
EndProject
Project("{FAE04EC0-301F-11D3-BF4B-00C04F79EFBC}") = "MoviesApp.Infrastructure", "MoviesApp.Infrastructure\MoviesApp.Infrastructure.csproj", "{C48F64B5-829F-4D4A-BFA0-733FDF77488D}"
EndProject
Project("{FAE04EC0-301F-11D3-BF4B-00C04F79EFBC}") = "MoviesApp.Application", "MoviesApp.Application\MoviesApp.Application.csproj", "{09EC6D69-DD12-42B8-8FBC-B4B5E5AABD8C}"
EndProject
Project("{FAE04EC0-301F-11D3-BF4B-00C04F79EFBC}") = "MovieApp.Tests", "MovieApp.Tests\MovieApp.Tests.csproj", "{3758B856-926B-4221-96D5-0A3D882BDC09}"
EndProject
Global
	GlobalSection(SolutionConfigurationPlatforms) = preSolution
		Debug|Any CPU = Debug|Any CPU
		Release|Any CPU = Release|Any CPU
	EndGlobalSection
	GlobalSection(ProjectConfigurationPlatforms) = postSolution
		{F4115920-B5A4-4855-B532-BE5912E9919C}.Debug|Any CPU.ActiveCfg = Debug|Any CPU
		{F4115920-B5A4-4855-B532-BE5912E9919C}.Debug|Any CPU.Build.0 = Debug|Any CPU
		{F4115920-B5A4-4855-B532-BE5912E9919C}.Release|Any CPU.ActiveCfg = Release|Any CPU
		{F4115920-B5A4-4855-B532-BE5912E9919C}.Release|Any CPU.Build.0 = Release|Any CPU
		{8AD9791C-31D9-4469-8365-9B2D2100DB05}.Debug|Any CPU.ActiveCfg = Debug|Any CPU
		{8AD9791C-31D9-4469-8365-9B2D2100DB05}.Debug|Any CPU.Build.0 = Debug|Any CPU
		{8AD9791C-31D9-4469-8365-9B2D2100DB05}.Release|Any CPU.ActiveCfg = Release|Any CPU
		{8AD9791C-31D9-4469-8365-9B2D2100DB05}.Release|Any CPU.Build.0 = Release|Any CPU
		{C48F64B5-829F-4D4A-BFA0-733FDF77488D}.Debug|Any CPU.ActiveCfg = Debug|Any CPU
		{C48F64B5-829F-4D4A-BFA0-733FDF77488D}.Debug|Any CPU.Build.0 = Debug|Any CPU
		{C48F64B5-829F-4D4A-BFA0-733FDF77488D}.Release|Any CPU.ActiveCfg = Release|Any CPU
		{C48F64B5-829F-4D4A-BFA0-733FDF77488D}.Release|Any CPU.Build.0 = Release|Any CPU
		{09EC6D69-DD12-42B8-8FBC-B4B5E5AABD8C}.Debug|Any CPU.ActiveCfg = Debug|Any CPU
		{09EC6D69-DD12-42B8-8FBC-B4B5E5AABD8C}.Debug|Any CPU.Build.0 = Debug|Any CPU
		{09EC6D69-DD12-42B8-8FBC-B4B5E5AABD8C}.Release|Any CPU.ActiveCfg = Release|Any CPU
		{09EC6D69-DD12-42B8-8FBC-B4B5E5AABD8C}.Release|Any CPU.Build.0 = Release|Any CPU
		{3758B856-926B-4221-96D5-0A3D882BDC09}.Debug|Any CPU.ActiveCfg = Debug|Any CPU
		{3758B856-926B-4221-96D5-0A3D882BDC09}.Debug|Any CPU.Build.0 = Debug|Any CPU
		{3758B856-926B-4221-96D5-0A3D882BDC09}.Release|Any CPU.ActiveCfg = Release|Any CPU
		{3758B856-926B-4221-96D5-0A3D882BDC09}.Release|Any CPU.Build.0 = Release|Any CPU
	EndGlobalSection
	GlobalSection(SolutionProperties) = preSolution
		HideSolutionNode = FALSE
	EndGlobalSection
	GlobalSection(ExtensibilityGlobals) = postSolution
		SolutionGuid = {9C08AE70-0049-4371-BA3E-5A8634C47E4A}
	EndGlobalSection
EndGlobal
