
Microsoft Visual Studio Solution File, Format Version 12.00
# Visual Studio Version 17
VisualStudioVersion = 17.12.35521.163
MinimumVisualStudioVersion = 10.0.40219.1
Project("{FAE04EC0-301F-11D3-BF4B-00C04F79EFBC}") = "Invoicing", "Invoicing\Invoicing.csproj", "{B4AFB495-9607-4E97-94F7-D0328847E579}"
EndProject
Project("{FAE04EC0-301F-11D3-BF4B-00C04F79EFBC}") = "Tests", "Tests\Tests.csproj", "{8B42A2F4-669C-424A-853E-A5E2D40BD37C}"
EndProject
Global
	GlobalSection(SolutionConfigurationPlatforms) = preSolution
		Debug|Any CPU = Debug|Any CPU
		Release|Any CPU = Release|Any CPU
	EndGlobalSection
	GlobalSection(ProjectConfigurationPlatforms) = postSolution
		{B4AFB495-9607-4E97-94F7-D0328847E579}.Debug|Any CPU.ActiveCfg = Debug|Any CPU
		{B4AFB495-9607-4E97-94F7-D0328847E579}.Debug|Any CPU.Build.0 = Debug|Any CPU
		{B4AFB495-9607-4E97-94F7-D0328847E579}.Release|Any CPU.ActiveCfg = Release|Any CPU
		{B4AFB495-9607-4E97-94F7-D0328847E579}.Release|Any CPU.Build.0 = Release|Any CPU
		{8B42A2F4-669C-424A-853E-A5E2D40BD37C}.Debug|Any CPU.ActiveCfg = Debug|Any CPU
		{8B42A2F4-669C-424A-853E-A5E2D40BD37C}.Debug|Any CPU.Build.0 = Debug|Any CPU
		{8B42A2F4-669C-424A-853E-A5E2D40BD37C}.Release|Any CPU.ActiveCfg = Release|Any CPU
		{8B42A2F4-669C-424A-853E-A5E2D40BD37C}.Release|Any CPU.Build.0 = Release|Any CPU
	EndGlobalSection
	GlobalSection(SolutionProperties) = preSolution
		HideSolutionNode = FALSE
	EndGlobalSection
EndGlobal
